// !$*UTF8*$!
{
	archiveVersion = 1;
	classes = {
	};
	objectVersion = 50;
	objects = {

/* Begin PBXBuildFile section */
		CEC0272123E4C0910030B629 /* AppDelegate.swift in Sources */ = {isa = PBXBuildFile; fileRef = CEC0272023E4C0910030B629 /* AppDelegate.swift */; };
		CEC0272323E4C0910030B629 /* SceneDelegate.swift in Sources */ = {isa = PBXBuildFile; fileRef = CEC0272223E4C0910030B629 /* SceneDelegate.swift */; };
		CEC0272523E4C0910030B629 /* ViewController.swift in Sources */ = {isa = PBXBuildFile; fileRef = CEC0272423E4C0910030B629 /* ViewController.swift */; };
		CEC0272823E4C0910030B629 /* Main.storyboard in Resources */ = {isa = PBXBuildFile; fileRef = CEC0272623E4C0910030B629 /* Main.storyboard */; };
		CEC0272A23E4C0920030B629 /* Assets.xcassets in Resources */ = {isa = PBXBuildFile; fileRef = CEC0272923E4C0920030B629 /* Assets.xcassets */; };
		CEC0272D23E4C0920030B629 /* LaunchScreen.storyboard in Resources */ = {isa = PBXBuildFile; fileRef = CEC0272B23E4C0920030B629 /* LaunchScreen.storyboard */; };
		CEF9E25A23E8A36C00BCDE07 /* NetworkClient.swift in Sources */ = {isa = PBXBuildFile; fileRef = CEF9E25923E8A36C00BCDE07 /* NetworkClient.swift */; };
		CEF9E25C23E8B38400BCDE07 /* DataModel.swift in Sources */ = {isa = PBXBuildFile; fileRef = CEF9E25B23E8B38400BCDE07 /* DataModel.swift */; };
/* End PBXBuildFile section */

/* Begin PBXFileReference section */
		CEC0271D23E4C0910030B629 /* StackX App.app */ = {isa = PBXFileReference; explicitFileType = wrapper.application; includeInIndex = 0; path = "StackX App.app"; sourceTree = BUILT_PRODUCTS_DIR; };
		CEC0272023E4C0910030B629 /* AppDelegate.swift */ = {isa = PBXFileReference; lastKnownFileType = sourcecode.swift; path = AppDelegate.swift; sourceTree = "<group>"; };
		CEC0272223E4C0910030B629 /* SceneDelegate.swift */ = {isa = PBXFileReference; lastKnownFileType = sourcecode.swift; path = SceneDelegate.swift; sourceTree = "<group>"; };
		CEC0272423E4C0910030B629 /* ViewController.swift */ = {isa = PBXFileReference; lastKnownFileType = sourcecode.swift; path = ViewController.swift; sourceTree = "<group>"; };
		CEC0272723E4C0910030B629 /* Base */ = {isa = PBXFileReference; lastKnownFileType = file.storyboard; name = Base; path = Base.lproj/Main.storyboard; sourceTree = "<group>"; };
		CEC0272923E4C0920030B629 /* Assets.xcassets */ = {isa = PBXFileReference; lastKnownFileType = folder.assetcatalog; path = Assets.xcassets; sourceTree = "<group>"; };
		CEC0272C23E4C0920030B629 /* Base */ = {isa = PBXFileReference; lastKnownFileType = file.storyboard; name = Base; path = Base.lproj/LaunchScreen.storyboard; sourceTree = "<group>"; };
		CEC0272E23E4C0920030B629 /* Info.plist */ = {isa = PBXFileReference; lastKnownFileType = text.plist.xml; path = Info.plist; sourceTree = "<group>"; };
		CEF9E25923E8A36C00BCDE07 /* NetworkClient.swift */ = {isa = PBXFileReference; lastKnownFileType = sourcecode.swift; path = NetworkClient.swift; sourceTree = "<group>"; };
		CEF9E25B23E8B38400BCDE07 /* DataModel.swift */ = {isa = PBXFileReference; lastKnownFileType = sourcecode.swift; path = DataModel.swift; sourceTree = "<group>"; };
/* End PBXFileReference section */

/* Begin PBXFrameworksBuildPhase section */
		CEC0271A23E4C0910030B629 /* Frameworks */ = {
			isa = PBXFrameworksBuildPhase;
			buildActionMask = 2147483647;
			files = (
			);
			runOnlyForDeploymentPostprocessing = 0;
		};
/* End PBXFrameworksBuildPhase section */

/* Begin PBXGroup section */
		CEC0271423E4C0910030B629 = {
			isa = PBXGroup;
			children = (
				CEC0271F23E4C0910030B629 /* StackX App */,
				CEC0271E23E4C0910030B629 /* Products */,
			);
			sourceTree = "<group>";
		};
		CEC0271E23E4C0910030B629 /* Products */ = {
			isa = PBXGroup;
			children = (
				CEC0271D23E4C0910030B629 /* StackX App.app */,
			);
			name = Products;
			sourceTree = "<group>";
		};
		CEC0271F23E4C0910030B629 /* StackX App */ = {
			isa = PBXGroup;
			children = (
				CEC0272023E4C0910030B629 /* AppDelegate.swift */,
				CEC0272223E4C0910030B629 /* SceneDelegate.swift */,
				CEC0272423E4C0910030B629 /* ViewController.swift */,
				CEC0272623E4C0910030B629 /* Main.storyboard */,
				CEC0272923E4C0920030B629 /* Assets.xcassets */,
				CEC0272B23E4C0920030B629 /* LaunchScreen.storyboard */,
				CEC0272E23E4C0920030B629 /* Info.plist */,
				CEF9E25923E8A36C00BCDE07 /* NetworkClient.swift */,
				CEF9E25B23E8B38400BCDE07 /* DataModel.swift */,
			);
			path = "StackX App";
			sourceTree = "<group>";
		};
/* End PBXGroup section */

/* Begin PBXNativeTarget section */
		CEC0271C23E4C0910030B629 /* StackX App */ = {
			isa = PBXNativeTarget;
			buildConfigurationList = CEC0273123E4C0920030B629 /* Build configuration list for PBXNativeTarget "StackX App" */;
			buildPhases = (
				CEC0271923E4C0910030B629 /* Sources */,
				CEC0271A23E4C0910030B629 /* Frameworks */,
				CEC0271B23E4C0910030B629 /* Resources */,
			);
			buildRules = (
			);
			dependencies = (
			);
			name = "StackX App";
			productName = "StackX App";
			productReference = CEC0271D23E4C0910030B629 /* StackX App.app */;
			productType = "com.apple.product-type.application";
		};
/* End PBXNativeTarget section */

/* Begin PBXProject section */
		CEC0271523E4C0910030B629 /* Project object */ = {
			isa = PBXProject;
			attributes = {
				LastSwiftUpdateCheck = 1130;
				LastUpgradeCheck = 1130;
				ORGANIZATIONNAME = "Jason B.";
				TargetAttributes = {
					CEC0271C23E4C0910030B629 = {
						CreatedOnToolsVersion = 11.3;
					};
				};
			};
			buildConfigurationList = CEC0271823E4C0910030B629 /* Build configuration list for PBXProject "StackX App" */;
			compatibilityVersion = "Xcode 9.3";
			developmentRegion = en;
			hasScannedForEncodings = 0;
			knownRegions = (
				en,
				Base,
			);
			mainGroup = CEC0271423E4C0910030B629;
			productRefGroup = CEC0271E23E4C0910030B629 /* Products */;
			projectDirPath = "";
			projectRoot = "";
			targets = (
				CEC0271C23E4C0910030B629 /* StackX App */,
			);
		};
/* End PBXProject section */

/* Begin PBXResourcesBuildPhase section */
		CEC0271B23E4C0910030B629 /* Resources */ = {
			isa = PBXResourcesBuildPhase;
			buildActionMask = 2147483647;
			files = (
				CEC0272D23E4C0920030B629 /* LaunchScreen.storyboard in Resources */,
				CEC0272A23E4C0920030B629 /* Assets.xcassets in Resources */,
				CEC0272823E4C0910030B629 /* Main.storyboard in Resources */,
			);
			runOnlyForDeploymentPostprocessing = 0;
		};
/* End PBXResourcesBuildPhase section */

/* Begin PBXSourcesBuildPhase section */
		CEC0271923E4C0910030B629 /* Sources */ = {
			isa = PBXSourcesBuildPhase;
			buildActionMask = 2147483647;
			files = (
				CEF9E25C23E8B38400BCDE07 /* DataModel.swift in Sources */,
				CEC0272523E4C0910030B629 /* ViewController.swift in Sources */,
				CEC0272123E4C0910030B629 /* AppDelegate.swift in Sources */,
				CEC0272323E4C0910030B629 /* SceneDelegate.swift in Sources */,
				CEF9E25A23E8A36C00BCDE07 /* NetworkClient.swift in Sources */,
			);
			runOnlyForDeploymentPostprocessing = 0;
		};
/* End PBXSourcesBuildPhase section */

/* Begin PBXVariantGroup section */
		CEC0272623E4C0910030B629 /* Main.storyboard */ = {
			isa = PBXVariantGroup;
			children = (
				CEC0272723E4C0910030B629 /* Base */,
			);
			name = Main.storyboard;
			sourceTree = "<group>";
		};
		CEC0272B23E4C0920030B629 /* LaunchScreen.storyboard */ = {
			isa = PBXVariantGroup;
			children = (
				CEC0272C23E4C0920030B629 /* Base */,
			);
			name = LaunchScreen.storyboard;
			sourceTree = "<group>";
		};
/* End PBXVariantGroup section */

/* Begin XCBuildConfiguration section */
		CEC0272F23E4C0920030B629 /* Debug */ = {
			isa = XCBuildConfiguration;
			buildSettings = {
				ALWAYS_SEARCH_USER_PATHS = NO;
				CLANG_ANALYZER_NONNULL = YES;
				CLANG_ANALYZER_NUMBER_OBJECT_CONVERSION = YES_AGGRESSIVE;
				CLANG_CXX_LANGUAGE_STANDARD = "gnu++14";
				CLANG_CXX_LIBRARY = "libc++";
				CLANG_ENABLE_MODULES = YES;
				CLANG_ENABLE_OBJC_ARC = YES;
				CLANG_ENABLE_OBJC_WEAK = YES;
				CLANG_WARN_BLOCK_CAPTURE_AUTORELEASING = YES;
				CLANG_WARN_BOOL_CONVERSION = YES;
				CLANG_WARN_COMMA = YES;
				CLANG_WARN_CONSTANT_CONVERSION = YES;
				CLANG_WARN_DEPRECATED_OBJC_IMPLEMENTATIONS = YES;
				CLANG_WARN_DIRECT_OBJC_ISA_USAGE = YES_ERROR;
				CLANG_WARN_DOCUMENTATION_COMMENTS = YES;
				CLANG_WARN_EMPTY_BODY = YES;
				CLANG_WARN_ENUM_CONVERSION = YES;
				CLANG_WARN_INFINITE_RECURSION = YES;
				CLANG_WARN_INT_CONVERSION = YES;
				CLANG_WARN_NON_LITERAL_NULL_CONVERSION = YES;
				CLANG_WARN_OBJC_IMPLICIT_RETAIN_SELF = YES;
				CLANG_WARN_OBJC_LITERAL_CONVERSION = YES;
				CLANG_WARN_OBJC_ROOT_CLASS = YES_ERROR;
				CLANG_WARN_RANGE_LOOP_ANALYSIS = YES;
				CLANG_WARN_STRICT_PROTOTYPES = YES;
				CLANG_WARN_SUSPICIOUS_MOVE = YES;
				CLANG_WARN_UNGUARDED_AVAILABILITY = YES_AGGRESSIVE;
				CLANG_WARN_UNREACHABLE_CODE = YES;
				CLANG_WARN__DUPLICATE_METHOD_MATCH = YES;
				COPY_PHASE_STRIP = NO;
				DEBUG_INFORMATION_FORMAT = dwarf;
				ENABLE_STRICT_OBJC_MSGSEND = YES;
				ENABLE_TESTABILITY = YES;
				GCC_C_LANGUAGE_STANDARD = gnu11;
				GCC_DYNAMIC_NO_PIC = NO;
				GCC_NO_COMMON_BLOCKS = YES;
				GCC_OPTIMIZATION_LEVEL = 0;
				GCC_PREPROCESSOR_DEFINITIONS = (
					"DEBUG=1",
					"$(inherited)",
				);
				GCC_WARN_64_TO_32_BIT_CONVERSION = YES;
				GCC_WARN_ABOUT_RETURN_TYPE = YES_ERROR;
				GCC_WARN_UNDECLARED_SELECTOR = YES;
				GCC_WARN_UNINITIALIZED_AUTOS = YES_AGGRESSIVE;
				GCC_WARN_UNUSED_FUNCTION = YES;
				GCC_WARN_UNUSED_VARIABLE = YES;
				IPHONEOS_DEPLOYMENT_TARGET = 13.2;
				MTL_ENABLE_DEBUG_INFO = INCLUDE_SOURCE;
				MTL_FAST_MATH = YES;
				ONLY_ACTIVE_ARCH = YES;
				SDKROOT = iphoneos;
				SWIFT_ACTIVE_COMPILATION_CONDITIONS = DEBUG;
				SWIFT_OPTIMIZATION_LEVEL = "-Onone";
			};
			name = Debug;
		};
		CEC0273023E4C0920030B629 /* Release */ = {
			isa = XCBuildConfiguration;
			buildSettings = {
				ALWAYS_SEARCH_USER_PATHS = NO;
				CLANG_ANALYZER_NONNULL = YES;
				CLANG_ANALYZER_NUMBER_OBJECT_CONVERSION = YES_AGGRESSIVE;
				CLANG_CXX_LANGUAGE_STANDARD = "gnu++14";
				CLANG_CXX_LIBRARY = "libc++";
				CLANG_ENABLE_MODULES = YES;
				CLANG_ENABLE_OBJC_ARC = YES;
				CLANG_ENABLE_OBJC_WEAK = YES;
				CLANG_WARN_BLOCK_CAPTURE_AUTORELEASING = YES;
				CLANG_WARN_BOOL_CONVERSION = YES;
				CLANG_WARN_COMMA = YES;
				CLANG_WARN_CONSTANT_CONVERSION = YES;
				CLANG_WARN_DEPRECATED_OBJC_IMPLEMENTATIONS = YES;
				CLANG_WARN_DIRECT_OBJC_ISA_USAGE = YES_ERROR;
				CLANG_WARN_DOCUMENTATION_COMMENTS = YES;
				CLANG_WARN_EMPTY_BODY = YES;
				CLANG_WARN_ENUM_CONVERSION = YES;
				CLANG_WARN_INFINITE_RECURSION = YES;
				CLANG_WARN_INT_CONVERSION = YES;
				CLANG_WARN_NON_LITERAL_NULL_CONVERSION = YES;
				CLANG_WARN_OBJC_IMPLICIT_RETAIN_SELF = YES;
				CLANG_WARN_OBJC_LITERAL_CONVERSION = YES;
				CLANG_WARN_OBJC_ROOT_CLASS = YES_ERROR;
				CLANG_WARN_RANGE_LOOP_ANALYSIS = YES;
				CLANG_WARN_STRICT_PROTOTYPES = YES;
				CLANG_WARN_SUSPICIOUS_MOVE = YES;
				CLANG_WARN_UNGUARDED_AVAILABILITY = YES_AGGRESSIVE;
				CLANG_WARN_UNREACHABLE_CODE = YES;
				CLANG_WARN__DUPLICATE_METHOD_MATCH = YES;
				COPY_PHASE_STRIP = NO;
				DEBUG_INFORMATION_FORMAT = "dwarf-with-dsym";
				ENABLE_NS_ASSERTIONS = NO;
				ENABLE_STRICT_OBJC_MSGSEND = YES;
				GCC_C_LANGUAGE_STANDARD = gnu11;
				GCC_NO_COMMON_BLOCKS = YES;
				GCC_WARN_64_TO_32_BIT_CONVERSION = YES;
				GCC_WARN_ABOUT_RETURN_TYPE = YES_ERROR;
				GCC_WARN_UNDECLARED_SELECTOR = YES;
				GCC_WARN_UNINITIALIZED_AUTOS = YES_AGGRESSIVE;
				GCC_WARN_UNUSED_FUNCTION = YES;
				GCC_WARN_UNUSED_VARIABLE = YES;
				IPHONEOS_DEPLOYMENT_TARGET = 13.2;
				MTL_ENABLE_DEBUG_INFO = NO;
				MTL_FAST_MATH = YES;
				SDKROOT = iphoneos;
				SWIFT_COMPILATION_MODE = wholemodule;
				SWIFT_OPTIMIZATION_LEVEL = "-O";
				VALIDATE_PRODUCT = YES;
			};
			name = Release;
		};
		CEC0273223E4C0920030B629 /* Debug */ = {
			isa = XCBuildConfiguration;
			buildSettings = {
				ASSETCATALOG_COMPILER_APPICON_NAME = AppIcon;
				CODE_SIGN_STYLE = Automatic;
				INFOPLIST_FILE = "StackX App/Info.plist";
				LD_RUNPATH_SEARCH_PATHS = (
					"$(inherited)",
					"@executable_path/Frameworks",
				);
				PRODUCT_BUNDLE_IDENTIFIER = "JasonBarrera.StackX-App";
				PRODUCT_NAME = "$(TARGET_NAME)";
				SWIFT_VERSION = 5.0;
				TARGETED_DEVICE_FAMILY = "1,2";
			};
			name = Debug;
		};
		CEC0273323E4C0920030B629 /* Release */ = {
			isa = XCBuildConfiguration;
			buildSettings = {
				ASSETCATALOG_COMPILER_APPICON_NAME = AppIcon;
				CODE_SIGN_STYLE = Automatic;
				INFOPLIST_FILE = "StackX App/Info.plist";
				LD_RUNPATH_SEARCH_PATHS = (
					"$(inherited)",
					"@executable_path/Frameworks",
				);
				PRODUCT_BUNDLE_IDENTIFIER = "JasonBarrera.StackX-App";
				PRODUCT_NAME = "$(TARGET_NAME)";
				SWIFT_VERSION = 5.0;
				TARGETED_DEVICE_FAMILY = "1,2";
			};
			name = Release;
		};
/* End XCBuildConfiguration section */

/* Begin XCConfigurationList section */
		CEC0271823E4C0910030B629 /* Build configuration list for PBXProject "StackX App" */ = {
			isa = XCConfigurationList;
			buildConfigurations = (
				CEC0272F23E4C0920030B629 /* Debug */,
				CEC0273023E4C0920030B629 /* Release */,
			);
			defaultConfigurationIsVisible = 0;
			defaultConfigurationName = Release;
		};
		CEC0273123E4C0920030B629 /* Build configuration list for PBXNativeTarget "StackX App" */ = {
			isa = XCConfigurationList;
			buildConfigurations = (
				CEC0273223E4C0920030B629 /* Debug */,
				CEC0273323E4C0920030B629 /* Release */,
			);
			defaultConfigurationIsVisible = 0;
			defaultConfigurationName = Release;
		};
/* End XCConfigurationList section */
	};
	rootObject = CEC0271523E4C0910030B629 /* Project object */;
}
